
Microsoft Visual Studio Solution File, Format Version 12.00
# Visual Studio Version 17
VisualStudioVersion = 17.3.32804.467
MinimumVisualStudioVersion = 10.0.40219.1
Project("{FAE04EC0-301F-11D3-BF4B-00C04F79EFBC}") = "Series_Bank", "Series_Bank\Series_Bank.csproj", "{0AB9FE40-D32F-4E69-B080-4BE2A4076C29}"
EndProject
Global
	GlobalSection(SolutionConfigurationPlatforms) = preSolution
		Debug|Any CPU = Debug|Any CPU
		Release|Any CPU = Release|Any CPU
	EndGlobalSection
	GlobalSection(ProjectConfigurationPlatforms) = postSolution
		{0AB9FE40-D32F-4E69-B080-4BE2A4076C29}.Debug|Any CPU.ActiveCfg = Debug|Any CPU
		{0AB9FE40-D32F-4E69-B080-4BE2A4076C29}.Debug|Any CPU.Build.0 = Debug|Any CPU
		{0AB9FE40-D32F-4E69-B080-4BE2A4076C29}.Release|Any CPU.ActiveCfg = Release|Any CPU
		{0AB9FE40-D32F-4E69-B080-4BE2A4076C29}.Release|Any CPU.Build.0 = Release|Any CPU
	EndGlobalSection
	GlobalSection(SolutionProperties) = preSolution
		HideSolutionNode = FALSE
	EndGlobalSection
	GlobalSection(ExtensibilityGlobals) = postSolution
		SolutionGuid = {C8B57E96-9248-411F-B52F-5E68582C3A15}
	EndGlobalSection
EndGlobal
